
Microsoft Visual Studio Solution File, Format Version 11.00
# Visual Studio 2010
Project("{FAE04EC0-301F-11D3-BF4B-00C04F79EFBC}") = "vuuvv.web", "vuuvv.web\vuuvv.web.csproj", "{2A59C306-BF61-47CC-848B-981AF3F99166}"
EndProject
Project("{FAE04EC0-301F-11D3-BF4B-00C04F79EFBC}") = "vuuvv.data", "vuuvv.data\vuuvv.data.csproj", "{A872E6CB-E053-4259-BFFA-14D6A21790B1}"
EndProject
Project("{FAE04EC0-301F-11D3-BF4B-00C04F79EFBC}") = "vuuvv.page", "vuuvv.page\vuuvv.page.csproj", "{845FABF4-7F9B-4FBA-AFAB-54E6166C4E4B}"
EndProject
Project("{FAE04EC0-301F-11D3-BF4B-00C04F79EFBC}") = "vuuvv.console", "vuuvv.console\vuuvv.console.csproj", "{9B81E236-C39F-4DB3-A826-9187BE30386B}"
EndProject
Global
	GlobalSection(SolutionConfigurationPlatforms) = preSolution
		Debug|Any CPU = Debug|Any CPU
		Debug|Mixed Platforms = Debug|Mixed Platforms
		Debug|x86 = Debug|x86
		Release|Any CPU = Release|Any CPU
		Release|Mixed Platforms = Release|Mixed Platforms
		Release|x86 = Release|x86
	EndGlobalSection
	GlobalSection(ProjectConfigurationPlatforms) = postSolution
		{2A59C306-BF61-47CC-848B-981AF3F99166}.Debug|Any CPU.ActiveCfg = Debug|Any CPU
		{2A59C306-BF61-47CC-848B-981AF3F99166}.Debug|Any CPU.Build.0 = Debug|Any CPU
		{2A59C306-BF61-47CC-848B-981AF3F99166}.Debug|Mixed Platforms.ActiveCfg = Debug|Any CPU
		{2A59C306-BF61-47CC-848B-981AF3F99166}.Debug|Mixed Platforms.Build.0 = Debug|Any CPU
		{2A59C306-BF61-47CC-848B-981AF3F99166}.Debug|x86.ActiveCfg = Debug|Any CPU
		{2A59C306-BF61-47CC-848B-981AF3F99166}.Release|Any CPU.ActiveCfg = Release|Any CPU
		{2A59C306-BF61-47CC-848B-981AF3F99166}.Release|Any CPU.Build.0 = Release|Any CPU
		{2A59C306-BF61-47CC-848B-981AF3F99166}.Release|Mixed Platforms.ActiveCfg = Release|Any CPU
		{2A59C306-BF61-47CC-848B-981AF3F99166}.Release|Mixed Platforms.Build.0 = Release|Any CPU
		{2A59C306-BF61-47CC-848B-981AF3F99166}.Release|x86.ActiveCfg = Release|Any CPU
		{A872E6CB-E053-4259-BFFA-14D6A21790B1}.Debug|Any CPU.ActiveCfg = Debug|Any CPU
		{A872E6CB-E053-4259-BFFA-14D6A21790B1}.Debug|Any CPU.Build.0 = Debug|Any CPU
		{A872E6CB-E053-4259-BFFA-14D6A21790B1}.Debug|Mixed Platforms.ActiveCfg = Debug|Any CPU
		{A872E6CB-E053-4259-BFFA-14D6A21790B1}.Debug|Mixed Platforms.Build.0 = Debug|Any CPU
		{A872E6CB-E053-4259-BFFA-14D6A21790B1}.Debug|x86.ActiveCfg = Debug|Any CPU
		{A872E6CB-E053-4259-BFFA-14D6A21790B1}.Release|Any CPU.ActiveCfg = Release|Any CPU
		{A872E6CB-E053-4259-BFFA-14D6A21790B1}.Release|Any CPU.Build.0 = Release|Any CPU
		{A872E6CB-E053-4259-BFFA-14D6A21790B1}.Release|Mixed Platforms.ActiveCfg = Release|Any CPU
		{A872E6CB-E053-4259-BFFA-14D6A21790B1}.Release|Mixed Platforms.Build.0 = Release|Any CPU
		{A872E6CB-E053-4259-BFFA-14D6A21790B1}.Release|x86.ActiveCfg = Release|Any CPU
		{845FABF4-7F9B-4FBA-AFAB-54E6166C4E4B}.Debug|Any CPU.ActiveCfg = Debug|Any CPU
		{845FABF4-7F9B-4FBA-AFAB-54E6166C4E4B}.Debug|Any CPU.Build.0 = Debug|Any CPU
		{845FABF4-7F9B-4FBA-AFAB-54E6166C4E4B}.Debug|Mixed Platforms.ActiveCfg = Debug|Any CPU
		{845FABF4-7F9B-4FBA-AFAB-54E6166C4E4B}.Debug|Mixed Platforms.Build.0 = Debug|Any CPU
		{845FABF4-7F9B-4FBA-AFAB-54E6166C4E4B}.Debug|x86.ActiveCfg = Debug|Any CPU
		{845FABF4-7F9B-4FBA-AFAB-54E6166C4E4B}.Release|Any CPU.ActiveCfg = Release|Any CPU
		{845FABF4-7F9B-4FBA-AFAB-54E6166C4E4B}.Release|Any CPU.Build.0 = Release|Any CPU
		{845FABF4-7F9B-4FBA-AFAB-54E6166C4E4B}.Release|Mixed Platforms.ActiveCfg = Release|Any CPU
		{845FABF4-7F9B-4FBA-AFAB-54E6166C4E4B}.Release|Mixed Platforms.Build.0 = Release|Any CPU
		{845FABF4-7F9B-4FBA-AFAB-54E6166C4E4B}.Release|x86.ActiveCfg = Release|Any CPU
		{9B81E236-C39F-4DB3-A826-9187BE30386B}.Debug|Any CPU.ActiveCfg = Debug|x86
		{9B81E236-C39F-4DB3-A826-9187BE30386B}.Debug|Mixed Platforms.ActiveCfg = Debug|x86
		{9B81E236-C39F-4DB3-A826-9187BE30386B}.Debug|Mixed Platforms.Build.0 = Debug|x86
		{9B81E236-C39F-4DB3-A826-9187BE30386B}.Debug|x86.ActiveCfg = Debug|x86
		{9B81E236-C39F-4DB3-A826-9187BE30386B}.Debug|x86.Build.0 = Debug|x86
		{9B81E236-C39F-4DB3-A826-9187BE30386B}.Release|Any CPU.ActiveCfg = Release|x86
		{9B81E236-C39F-4DB3-A826-9187BE30386B}.Release|Mixed Platforms.ActiveCfg = Release|x86
		{9B81E236-C39F-4DB3-A826-9187BE30386B}.Release|Mixed Platforms.Build.0 = Release|x86
		{9B81E236-C39F-4DB3-A826-9187BE30386B}.Release|x86.ActiveCfg = Release|x86
		{9B81E236-C39F-4DB3-A826-9187BE30386B}.Release|x86.Build.0 = Release|x86
	EndGlobalSection
	GlobalSection(SolutionProperties) = preSolution
		HideSolutionNode = FALSE
	EndGlobalSection
EndGlobal
